// !$*UTF8*$!
{ archiveVersion = 1; classes = {}; objectVersion = 56; objects = {
4C3AF9CF3AAC01774EAC8D29 = { isa = PBXFileReference; lastKnownFileType = "sourcecode.swift"; path = "App/AdventureView.swift"; sourceTree = "SOURCE_ROOT"; };
4C60E0024B0BB218DAC201AF = { isa = PBXFileReference; lastKnownFileType = "text.plist.entitlements"; path = "App/App.entitlements"; sourceTree = "SOURCE_ROOT"; };
E3785987ADB1574119C54188 = { isa = PBXFileReference; lastKnownFileType = "sourcecode.swift"; path = "App/Components.swift"; sourceTree = "SOURCE_ROOT"; };
7BE288E282A070868B8EEB11 = { isa = PBXFileReference; lastKnownFileType = "sourcecode.swift"; path = "App/CreatePetView.swift"; sourceTree = "SOURCE_ROOT"; };
EF4602A7189816A6F94A6B89 = { isa = PBXFileReference; lastKnownFileType = "sourcecode.swift"; path = "App/FurService.swift"; sourceTree = "SOURCE_ROOT"; };
2AA4385A790A03493B321395 = { isa = PBXFileReference; lastKnownFileType = "sourcecode.swift"; path = "App/FurStore.swift"; sourceTree = "SOURCE_ROOT"; };
A2CDD2B51B9CC7AF9D7B2D55 = { isa = PBXFileReference; lastKnownFileType = "text.plist.xml"; path = "App/Info.plist"; sourceTree = "SOURCE_ROOT"; };
62F548140E5F25B342967544 = { isa = PBXFileReference; lastKnownFileType = "sourcecode.swift"; path = "App/MyFurBabyApp.swift"; sourceTree = "SOURCE_ROOT"; };
60246B630B9710861B3A92C8 = { isa = PBXFileReference; lastKnownFileType = "sourcecode.swift"; path = "App/OnboardingView.swift"; sourceTree = "SOURCE_ROOT"; };
DA77819AB01E0A06BF85D205 = { isa = PBXFileReference; lastKnownFileType = "sourcecode.swift"; path = "App/ProView.swift"; sourceTree = "SOURCE_ROOT"; };
90F1F2330C30ACADD8A0EB61 = { isa = PBXFileReference; lastKnownFileType = "sourcecode.swift"; path = "App/RootView.swift"; sourceTree = "SOURCE_ROOT"; };
FC89C398383BAACF950D819D = { isa = PBXFileReference; lastKnownFileType = "sourcecode.swift"; path = "App/SettingsView.swift"; sourceTree = "SOURCE_ROOT"; };
5CCEBD0D87CDA17E10BF4CF3 = { isa = PBXFileReference; lastKnownFileType = "sourcecode.swift"; path = "App/WidgetStudioView.swift"; sourceTree = "SOURCE_ROOT"; };
328C3317D46017E32BE270C8 = { isa = PBXFileReference; lastKnownFileType = "sourcecode.swift"; path = "Shared/DailyQuoteService.swift"; sourceTree = "SOURCE_ROOT"; };
8F0C5B5CEEBCAB45DB1AC8C8 = { isa = PBXFileReference; lastKnownFileType = "sourcecode.swift"; path = "Shared/PetIllustration.swift"; sourceTree = "SOURCE_ROOT"; };
A0389F2EF571C2D91640AE76 = { isa = PBXFileReference; lastKnownFileType = "sourcecode.swift"; path = "Shared/PetModels.swift"; sourceTree = "SOURCE_ROOT"; };
8788DD63DA96216E3C1B5EB8 = { isa = PBXFileReference; lastKnownFileType = "sourcecode.swift"; path = "Shared/SharedStorage.swift"; sourceTree = "SOURCE_ROOT"; };
13D7472F5EEECE73BE9E753A = { isa = PBXFileReference; lastKnownFileType = "sourcecode.swift"; path = "Shared/WidgetMotionFonts.swift"; sourceTree = "SOURCE_ROOT"; };
6DEF01B21073F17F72AA08AA = { isa = PBXFileReference; lastKnownFileType = "sourcecode.swift"; path = "Shared/WidgetMotionFrames.swift"; sourceTree = "SOURCE_ROOT"; };
A0BCCC78EBD129FB86F0E46C = { isa = PBXFileReference; lastKnownFileType = "sourcecode.swift"; path = "Widget/FurBabyWidget.swift"; sourceTree = "SOURCE_ROOT"; };
129C2410F7286174290F8C39 = { isa = PBXFileReference; lastKnownFileType = "text.plist.xml"; path = "Widget/Info.plist"; sourceTree = "SOURCE_ROOT"; };
54C0DE5C481085892535CC83 = { isa = PBXFileReference; lastKnownFileType = "text.plist.entitlements"; path = "Widget/Widget.entitlements"; sourceTree = "SOURCE_ROOT"; };
4C651370400A18CD2AF956C9 = { isa = PBXFileReference; lastKnownFileType = "sourcecode.swift"; path = "Tests/DailyQuoteTests.swift"; sourceTree = "SOURCE_ROOT"; };
5D2A0CC0F23853254FC0E986 = { isa = PBXFileReference; lastKnownFileType = "sourcecode.swift"; path = "Tests/FurServiceTests.swift"; sourceTree = "SOURCE_ROOT"; };
495BC6853C038792EACA3D3A = { isa = PBXFileReference; lastKnownFileType = "sourcecode.swift"; path = "Tests/MyFurBabyTests.swift"; sourceTree = "SOURCE_ROOT"; };
F7358024508AF592CDB6247F = { isa = PBXFileReference; lastKnownFileType = "sourcecode.swift"; path = "Tests/WidgetMotionTests.swift"; sourceTree = "SOURCE_ROOT"; };
A1F9DF3D86F484384ECCB38B = { isa = PBXFileReference; lastKnownFileType = "text"; path = "Resources/Branding/my-fur-baby-icon.png"; sourceTree = "SOURCE_ROOT"; };
37FB7DE00122178F4157F043 = { isa = PBXFileReference; lastKnownFileType = "text.plist.xml"; path = "Resources/ExportOptions-TestFlight.plist"; sourceTree = "SOURCE_ROOT"; };
6D3714DC12EA0BF990D28FB7 = { isa = PBXFileReference; lastKnownFileType = "file"; path = "Resources/FurBlink-Regular.ttf"; sourceTree = "SOURCE_ROOT"; };
6BE19C1E07BBC84555AFD101 = { isa = PBXFileReference; lastKnownFileType = "file"; path = "Resources/FurCycle3-Regular.ttf"; sourceTree = "SOURCE_ROOT"; };
85021D08BDA0AE0B0D2F6C29 = { isa = PBXFileReference; lastKnownFileType = "file"; path = "Resources/FurCycle4-Regular.ttf"; sourceTree = "SOURCE_ROOT"; };
0B79C3D465A7D4C1DE1F02CC = { isa = PBXFileReference; lastKnownFileType = "file"; path = "Resources/FurIdle12-Regular.ttf"; sourceTree = "SOURCE_ROOT"; };
12F0F2F7C84830143F878579 = { isa = PBXFileReference; lastKnownFileType = "file"; path = "Resources/FurIdle13-Regular.ttf"; sourceTree = "SOURCE_ROOT"; };
227E74A65FD69E4B8DA1EEAF = { isa = PBXFileReference; lastKnownFileType = "file"; path = "Resources/FurIdle14-Regular.ttf"; sourceTree = "SOURCE_ROOT"; };
FA37CFB7CA32A515ABCAD44B = { isa = PBXFileReference; lastKnownFileType = "file"; path = "Resources/FurLoop12-Regular.ttf"; sourceTree = "SOURCE_ROOT"; };
F645150550D7C71CC07F0FF3 = { isa = PBXFileReference; lastKnownFileType = "file"; path = "Resources/FurLoop13-Regular.ttf"; sourceTree = "SOURCE_ROOT"; };
F75E189BCB897465590CD3A3 = { isa = PBXFileReference; lastKnownFileType = "file"; path = "Resources/FurLoop14-Regular.ttf"; sourceTree = "SOURCE_ROOT"; };
9DB363CCE7EC2C57A5C1D1C8 = { isa = PBXFileReference; lastKnownFileType = "file"; path = "Resources/FurLoop22-Regular.ttf"; sourceTree = "SOURCE_ROOT"; };
7495F8AE813E0059836CFC68 = { isa = PBXFileReference; lastKnownFileType = "file"; path = "Resources/FurLoop23-Regular.ttf"; sourceTree = "SOURCE_ROOT"; };
5DD8823FDF773D0EB3157BA8 = { isa = PBXFileReference; lastKnownFileType = "file"; path = "Resources/FurLoop24-Regular.ttf"; sourceTree = "SOURCE_ROOT"; };
014BCCA48C79F66A9728E04B = { isa = PBXFileReference; lastKnownFileType = "file"; path = "Resources/FurMotionTemplate.ttf"; sourceTree = "SOURCE_ROOT"; };
5E2CCC1B97A24E26671762ED = { isa = PBXFileReference; lastKnownFileType = "file"; path = "Resources/FurRest22-Regular.ttf"; sourceTree = "SOURCE_ROOT"; };
F109B845B9F35CEF5E04BD27 = { isa = PBXFileReference; lastKnownFileType = "file"; path = "Resources/FurRest23-Regular.ttf"; sourceTree = "SOURCE_ROOT"; };
46D1850B73C57B4589CE656E = { isa = PBXFileReference; lastKnownFileType = "file"; path = "Resources/FurRest24-Regular.ttf"; sourceTree = "SOURCE_ROOT"; };
E46956C094E92FC0308BF473 = { isa = PBXFileReference; lastKnownFileType = "file"; path = "Resources/FurTimerMask.otf"; sourceTree = "SOURCE_ROOT"; };
DF08F10074BF5B28F4D8E333 = { isa = PBXFileReference; lastKnownFileType = "video.mp4"; path = "Resources/Onboarding/onboarding-adventures.mp4"; sourceTree = "SOURCE_ROOT"; };
5035FC0EDDE84AD3BDE77D1D = { isa = PBXFileReference; lastKnownFileType = "video.mp4"; path = "Resources/Onboarding/onboarding-widgets.mp4"; sourceTree = "SOURCE_ROOT"; };
EAAAAEC84AAE203874A82FCF = { isa = PBXFileReference; lastKnownFileType = "text.xml"; path = "Resources/PrivacyInfo.xcprivacy"; sourceTree = "SOURCE_ROOT"; };
2714C3A9A2D1C0F6958C9F45 = { isa = PBXFileReference; lastKnownFileType = "text"; path = "Resources/Products.storekit"; sourceTree = "SOURCE_ROOT"; };
5ED4AD69D20E2BEB655EC86B = { isa = PBXFileReference; lastKnownFileType = "text"; path = "Resources/WidgetAnimation-LICENSE.txt"; sourceTree = "SOURCE_ROOT"; };
4545F5318A0046043187F2EB = { isa = PBXFileReference; lastKnownFileType = "folder.assetcatalog"; path = "Resources/Assets.xcassets"; sourceTree = "SOURCE_ROOT"; };
CBE7D790BBE2BD0D8B77EF39 = { isa = PBXGroup; children = (4C3AF9CF3AAC01774EAC8D29, 4C60E0024B0BB218DAC201AF, E3785987ADB1574119C54188, 7BE288E282A070868B8EEB11, EF4602A7189816A6F94A6B89, 2AA4385A790A03493B321395, A2CDD2B51B9CC7AF9D7B2D55, 62F548140E5F25B342967544, 60246B630B9710861B3A92C8, DA77819AB01E0A06BF85D205, 90F1F2330C30ACADD8A0EB61, FC89C398383BAACF950D819D, 5CCEBD0D87CDA17E10BF4CF3); name = "App"; sourceTree = "<group>"; };
6D9A4E876BE19EAEF425C09B = { isa = PBXGroup; children = (328C3317D46017E32BE270C8, 8F0C5B5CEEBCAB45DB1AC8C8, A0389F2EF571C2D91640AE76, 8788DD63DA96216E3C1B5EB8, 13D7472F5EEECE73BE9E753A, 6DEF01B21073F17F72AA08AA); name = "Shared"; sourceTree = "<group>"; };
56B6B92191B8761142B8FE13 = { isa = PBXGroup; children = (A0BCCC78EBD129FB86F0E46C, 129C2410F7286174290F8C39, 54C0DE5C481085892535CC83); name = "Widget"; sourceTree = "<group>"; };
AF2FE42487CA284123DFDE1E = { isa = PBXGroup; children = (4C651370400A18CD2AF956C9, 5D2A0CC0F23853254FC0E986, 495BC6853C038792EACA3D3A, F7358024508AF592CDB6247F); name = "Tests"; sourceTree = "<group>"; };
E5E98B546EE9848A91FF7C1F = { isa = PBXGroup; children = (A1F9DF3D86F484384ECCB38B, 37FB7DE00122178F4157F043, 6D3714DC12EA0BF990D28FB7, 6BE19C1E07BBC84555AFD101, 85021D08BDA0AE0B0D2F6C29, 0B79C3D465A7D4C1DE1F02CC, 12F0F2F7C84830143F878579, 227E74A65FD69E4B8DA1EEAF, FA37CFB7CA32A515ABCAD44B, F645150550D7C71CC07F0FF3, F75E189BCB897465590CD3A3, 9DB363CCE7EC2C57A5C1D1C8, 7495F8AE813E0059836CFC68, 5DD8823FDF773D0EB3157BA8, 014BCCA48C79F66A9728E04B, 5E2CCC1B97A24E26671762ED, F109B845B9F35CEF5E04BD27, 46D1850B73C57B4589CE656E, E46956C094E92FC0308BF473, DF08F10074BF5B28F4D8E333, 5035FC0EDDE84AD3BDE77D1D, EAAAAEC84AAE203874A82FCF, 2714C3A9A2D1C0F6958C9F45, 5ED4AD69D20E2BEB655EC86B, 4545F5318A0046043187F2EB); name = "Resources"; sourceTree = "<group>"; };
64B46854DD818306EF8158FC = { isa = PBXFileReference; explicitFileType = "wrapper.application"; includeInIndex = 0; path = "MyFurBaby.app"; sourceTree = "BUILT_PRODUCTS_DIR"; };
6CACD63544DD1A06D1D2958D = { isa = PBXBuildFile; fileRef = 4C3AF9CF3AAC01774EAC8D29; };
2186701B93B7244678753D14 = { isa = PBXBuildFile; fileRef = E3785987ADB1574119C54188; };
D9D640385543BD8472DBEDFE = { isa = PBXBuildFile; fileRef = 7BE288E282A070868B8EEB11; };
2EE7D0B337E0238E57E743DA = { isa = PBXBuildFile; fileRef = EF4602A7189816A6F94A6B89; };
8AC7BBFEE0D4EF5CAF835577 = { isa = PBXBuildFile; fileRef = 2AA4385A790A03493B321395; };
77AFDFF12CBCFB4E7B6D5B4B = { isa = PBXBuildFile; fileRef = 62F548140E5F25B342967544; };
01ACF929F119FB4BE2550138 = { isa = PBXBuildFile; fileRef = 60246B630B9710861B3A92C8; };
6B29B8D0FA82445C76DC59EE = { isa = PBXBuildFile; fileRef = DA77819AB01E0A06BF85D205; };
3DE58DBCC7788B949FA2A1FE = { isa = PBXBuildFile; fileRef = 90F1F2330C30ACADD8A0EB61; };
AE36886E3A9C6E8CE06EE8B4 = { isa = PBXBuildFile; fileRef = FC89C398383BAACF950D819D; };
6F895F73AB051F1A8B449E29 = { isa = PBXBuildFile; fileRef = 5CCEBD0D87CDA17E10BF4CF3; };
2411AFA681CCC8684FA60954 = { isa = PBXBuildFile; fileRef = 328C3317D46017E32BE270C8; };
2B07AF59061D2E474DF7092A = { isa = PBXBuildFile; fileRef = 8F0C5B5CEEBCAB45DB1AC8C8; };
B7D2F3658205F55E9FDEB6AE = { isa = PBXBuildFile; fileRef = A0389F2EF571C2D91640AE76; };
B7380358737DBBCE49A42BEE = { isa = PBXBuildFile; fileRef = 8788DD63DA96216E3C1B5EB8; };
3C742C8197FDD4F87638A23A = { isa = PBXBuildFile; fileRef = 13D7472F5EEECE73BE9E753A; };
B51D987D6DD7D220623C11C3 = { isa = PBXBuildFile; fileRef = 6DEF01B21073F17F72AA08AA; };
A95DA3DEEE2C61B0C72ADA21 = { isa = PBXBuildFile; fileRef = 4545F5318A0046043187F2EB; };
4A23E4321289D5D8E89AD6CF = { isa = PBXBuildFile; fileRef = EAAAAEC84AAE203874A82FCF; };
C12555A60601037825D7A5D0 = { isa = PBXBuildFile; fileRef = 5ED4AD69D20E2BEB655EC86B; };
05A4066CE8EC38854A6D5943 = { isa = PBXBuildFile; fileRef = E46956C094E92FC0308BF473; };
2D174DAD33B88F662BBBD94A = { isa = PBXBuildFile; fileRef = 014BCCA48C79F66A9728E04B; };
995E6F82A317330E26C93FD9 = { isa = PBXBuildFile; fileRef = DF08F10074BF5B28F4D8E333; };
677334B7DE90EF5AF1FE0DF7 = { isa = PBXBuildFile; fileRef = 5035FC0EDDE84AD3BDE77D1D; };
9A40DAD3E306982CDA6F3A74 = { isa = PBXBuildFile; fileRef = 6BE19C1E07BBC84555AFD101; };
D37607D779F54291C4CC7F59 = { isa = PBXBuildFile; fileRef = 85021D08BDA0AE0B0D2F6C29; };
94979F2DE88BBF630C70A47D = { isa = PBXBuildFile; fileRef = FA37CFB7CA32A515ABCAD44B; };
A80D7C2FA2844D027A679B8B = { isa = PBXBuildFile; fileRef = F645150550D7C71CC07F0FF3; };
EEB68230DAA237204D5C0246 = { isa = PBXBuildFile; fileRef = F75E189BCB897465590CD3A3; };
150BBFF47279A65BC31C78EA = { isa = PBXBuildFile; fileRef = 0B79C3D465A7D4C1DE1F02CC; };
B7FD8FFBB2B10050D096CF79 = { isa = PBXBuildFile; fileRef = 12F0F2F7C84830143F878579; };
DD73DB8C636E0ACD1EE6CB24 = { isa = PBXBuildFile; fileRef = 227E74A65FD69E4B8DA1EEAF; };
6AAECD7C1A4A9ECED7F04A55 = { isa = PBXBuildFile; fileRef = 9DB363CCE7EC2C57A5C1D1C8; };
647D5C5A5F1CD7194059C25B = { isa = PBXBuildFile; fileRef = 5E2CCC1B97A24E26671762ED; };
29CEB22D8D8D31E5E133463F = { isa = PBXBuildFile; fileRef = 7495F8AE813E0059836CFC68; };
D5F8D4572ABF544A397B39F6 = { isa = PBXBuildFile; fileRef = F109B845B9F35CEF5E04BD27; };
FFCFD51287D01E5F61A85D1A = { isa = PBXBuildFile; fileRef = 5DD8823FDF773D0EB3157BA8; };
67E89D198DBE49CB45F857AE = { isa = PBXBuildFile; fileRef = 46D1850B73C57B4589CE656E; };
AE29B97381073FEEE72D973A = { isa = PBXSourcesBuildPhase; buildActionMask = 2147483647; files = (6CACD63544DD1A06D1D2958D, 2186701B93B7244678753D14, D9D640385543BD8472DBEDFE, 2EE7D0B337E0238E57E743DA, 8AC7BBFEE0D4EF5CAF835577, 77AFDFF12CBCFB4E7B6D5B4B, 01ACF929F119FB4BE2550138, 6B29B8D0FA82445C76DC59EE, 3DE58DBCC7788B949FA2A1FE, AE36886E3A9C6E8CE06EE8B4, 6F895F73AB051F1A8B449E29, 2411AFA681CCC8684FA60954, 2B07AF59061D2E474DF7092A, B7D2F3658205F55E9FDEB6AE, B7380358737DBBCE49A42BEE, 3C742C8197FDD4F87638A23A, B51D987D6DD7D220623C11C3); runOnlyForDeploymentPostprocessing = 0; };
A4366ABA15A95F9C436A4EFD = { isa = PBXFrameworksBuildPhase; buildActionMask = 2147483647; files = (); runOnlyForDeploymentPostprocessing = 0; };
296614ADAE290FF039D79FEF = { isa = PBXResourcesBuildPhase; buildActionMask = 2147483647; files = (A95DA3DEEE2C61B0C72ADA21, 4A23E4321289D5D8E89AD6CF, C12555A60601037825D7A5D0, 05A4066CE8EC38854A6D5943, 2D174DAD33B88F662BBBD94A, 995E6F82A317330E26C93FD9, 677334B7DE90EF5AF1FE0DF7, 9A40DAD3E306982CDA6F3A74, D37607D779F54291C4CC7F59, 94979F2DE88BBF630C70A47D, A80D7C2FA2844D027A679B8B, EEB68230DAA237204D5C0246, 150BBFF47279A65BC31C78EA, B7FD8FFBB2B10050D096CF79, DD73DB8C636E0ACD1EE6CB24, 6AAECD7C1A4A9ECED7F04A55, 647D5C5A5F1CD7194059C25B, 29CEB22D8D8D31E5E133463F, D5F8D4572ABF544A397B39F6, FFCFD51287D01E5F61A85D1A, 67E89D198DBE49CB45F857AE); runOnlyForDeploymentPostprocessing = 0; };
96F26C35A56CF1719F5FAE0C = { isa = PBXBuildFile; fileRef = 2ED657D7F454CBE9A9DF4E5F; settings = { ATTRIBUTES = (RemoveHeadersOnCopy); }; };
BB27AD7BBFDDAC09C73BE453 = { isa = PBXCopyFilesBuildPhase; buildActionMask = 2147483647; dstPath = ""; dstSubfolderSpec = 13; files = (96F26C35A56CF1719F5FAE0C); name = "Embed App Extensions"; runOnlyForDeploymentPostprocessing = 0; };
4419AC9A4EBDD8BB9421C5A9 = { isa = PBXContainerItemProxy; containerPortal = 98F54143AB4E86B28C3AFEE0; proxyType = 1; remoteGlobalIDString = A24F19168C2626707A164327; remoteInfo = "FurBabyWidget"; };
5E3FB191F705B5691EB66FE0 = { isa = PBXTargetDependency; target = A24F19168C2626707A164327; targetProxy = 4419AC9A4EBDD8BB9421C5A9; };
BE2422DA67F96399387CF04B = { isa = XCBuildConfiguration; name = "Debug"; buildSettings = { IPHONEOS_DEPLOYMENT_TARGET = 17.0; SDKROOT = iphoneos; SWIFT_VERSION = 5.0; CLANG_ENABLE_MODULES = YES; CODE_SIGN_STYLE = Automatic; CURRENT_PROJECT_VERSION = 12; MARKETING_VERSION = 1.0; TARGETED_DEVICE_FAMILY = "1,2"; ENABLE_USER_SCRIPT_SANDBOXING = YES; PRODUCT_NAME = "$(TARGET_NAME)"; PRODUCT_BUNDLE_IDENTIFIER = "com.gregadams.myfurbaby"; GENERATE_INFOPLIST_FILE = YES; SWIFT_EMIT_LOC_STRINGS = YES; INFOPLIST_FILE = "App/Info.plist"; CODE_SIGN_ENTITLEMENTS = "App/App.entitlements"; ASSETCATALOG_COMPILER_APPICON_NAME = AppIcon; INFOPLIST_KEY_UILaunchScreen_Generation = YES; SWIFT_OPTIMIZATION_LEVEL = "-Onone"; SWIFT_ACTIVE_COMPILATION_CONDITIONS = "DEBUG"; DEBUG_INFORMATION_FORMAT = "dwarf"; ENABLE_TESTABILITY = YES; }; };
B595D5A91563538071350745 = { isa = XCBuildConfiguration; name = "Release"; buildSettings = { IPHONEOS_DEPLOYMENT_TARGET = 17.0; SDKROOT = iphoneos; SWIFT_VERSION = 5.0; CLANG_ENABLE_MODULES = YES; CODE_SIGN_STYLE = Automatic; CURRENT_PROJECT_VERSION = 12; MARKETING_VERSION = 1.0; TARGETED_DEVICE_FAMILY = "1,2"; ENABLE_USER_SCRIPT_SANDBOXING = YES; PRODUCT_NAME = "$(TARGET_NAME)"; PRODUCT_BUNDLE_IDENTIFIER = "com.gregadams.myfurbaby"; GENERATE_INFOPLIST_FILE = YES; SWIFT_EMIT_LOC_STRINGS = YES; INFOPLIST_FILE = "App/Info.plist"; CODE_SIGN_ENTITLEMENTS = "App/App.entitlements"; ASSETCATALOG_COMPILER_APPICON_NAME = AppIcon; INFOPLIST_KEY_UILaunchScreen_Generation = YES; SWIFT_OPTIMIZATION_LEVEL = "-O"; SWIFT_ACTIVE_COMPILATION_CONDITIONS = ""; DEBUG_INFORMATION_FORMAT = "dwarf-with-dsym"; }; };
B6242797E3A401D4D5CBDA18 = { isa = XCConfigurationList; buildConfigurations = (BE2422DA67F96399387CF04B, B595D5A91563538071350745); defaultConfigurationIsVisible = 0; defaultConfigurationName = "Release"; };
DF89CBF7E4F8695F4EC87E10 = { isa = PBXNativeTarget; buildConfigurationList = B6242797E3A401D4D5CBDA18; buildPhases = (AE29B97381073FEEE72D973A, A4366ABA15A95F9C436A4EFD, 296614ADAE290FF039D79FEF, BB27AD7BBFDDAC09C73BE453); buildRules = (); dependencies = (5E3FB191F705B5691EB66FE0); name = "MyFurBaby"; productName = "MyFurBaby"; productReference = 64B46854DD818306EF8158FC; productType = "com.apple.product-type.application"; };
2ED657D7F454CBE9A9DF4E5F = { isa = PBXFileReference; explicitFileType = "wrapper.app-extension"; includeInIndex = 0; path = "FurBabyWidget.appex"; sourceTree = "BUILT_PRODUCTS_DIR"; };
90D571CE251179E37B5199A8 = { isa = PBXBuildFile; fileRef = 328C3317D46017E32BE270C8; };
FE559B70283206100E21DCDE = { isa = PBXBuildFile; fileRef = 8F0C5B5CEEBCAB45DB1AC8C8; };
CF3E2B421C3D3F3E6BD7FE2D = { isa = PBXBuildFile; fileRef = A0389F2EF571C2D91640AE76; };
5A9B819C6BE9594D9F64213F = { isa = PBXBuildFile; fileRef = 8788DD63DA96216E3C1B5EB8; };
4A4B17168F1E0DA6039DAF81 = { isa = PBXBuildFile; fileRef = 13D7472F5EEECE73BE9E753A; };
442D83CC2DE0C8158C554F03 = { isa = PBXBuildFile; fileRef = 6DEF01B21073F17F72AA08AA; };
8B373D16E823FD4B9B2BBA55 = { isa = PBXBuildFile; fileRef = A0BCCC78EBD129FB86F0E46C; };
6C3EB4686897886B51FBCFD0 = { isa = PBXBuildFile; fileRef = 4545F5318A0046043187F2EB; };
1A54DCD16A4D00B08B560495 = { isa = PBXBuildFile; fileRef = E46956C094E92FC0308BF473; };
5A8851576C6B46805F08F10E = { isa = PBXBuildFile; fileRef = 5ED4AD69D20E2BEB655EC86B; };
A0F01DF22ED84243AA591650 = { isa = PBXBuildFile; fileRef = EAAAAEC84AAE203874A82FCF; };
359FDE5010445B95987CF050 = { isa = PBXBuildFile; fileRef = 6BE19C1E07BBC84555AFD101; };
C033893F8CB954E489191EBB = { isa = PBXBuildFile; fileRef = 85021D08BDA0AE0B0D2F6C29; };
0DC531C32EF4E6F04AA27CF8 = { isa = PBXBuildFile; fileRef = FA37CFB7CA32A515ABCAD44B; };
056C652A15C0E6A77A95B46C = { isa = PBXBuildFile; fileRef = F645150550D7C71CC07F0FF3; };
E3F84C9DF8A7B8F2B548996F = { isa = PBXBuildFile; fileRef = F75E189BCB897465590CD3A3; };
B3B51982CB9FBEE10D879A37 = { isa = PBXBuildFile; fileRef = 0B79C3D465A7D4C1DE1F02CC; };
FFFC447B94F4D7742940F7AC = { isa = PBXBuildFile; fileRef = 12F0F2F7C84830143F878579; };
025A9F5B0FBEEB004C065B84 = { isa = PBXBuildFile; fileRef = 227E74A65FD69E4B8DA1EEAF; };
E26E71A73B2BFD6B5E587FDB = { isa = PBXBuildFile; fileRef = 9DB363CCE7EC2C57A5C1D1C8; };
8FDD1BCAAE85CABB2E32D396 = { isa = PBXBuildFile; fileRef = 5E2CCC1B97A24E26671762ED; };
D1A4077DFEAB70B9DDFCF723 = { isa = PBXBuildFile; fileRef = 7495F8AE813E0059836CFC68; };
C52514895F8F0737C52BB14A = { isa = PBXBuildFile; fileRef = F109B845B9F35CEF5E04BD27; };
5B5C48578162B5317968D659 = { isa = PBXBuildFile; fileRef = 5DD8823FDF773D0EB3157BA8; };
23087194E39051637D52F28C = { isa = PBXBuildFile; fileRef = 46D1850B73C57B4589CE656E; };
34ABB5FFADA42795F5B0C460 = { isa = PBXSourcesBuildPhase; buildActionMask = 2147483647; files = (90D571CE251179E37B5199A8, FE559B70283206100E21DCDE, CF3E2B421C3D3F3E6BD7FE2D, 5A9B819C6BE9594D9F64213F, 4A4B17168F1E0DA6039DAF81, 442D83CC2DE0C8158C554F03, 8B373D16E823FD4B9B2BBA55); runOnlyForDeploymentPostprocessing = 0; };
8B277602C02207C091927CC4 = { isa = PBXFrameworksBuildPhase; buildActionMask = 2147483647; files = (); runOnlyForDeploymentPostprocessing = 0; };
805218FECE676F265040D212 = { isa = PBXResourcesBuildPhase; buildActionMask = 2147483647; files = (6C3EB4686897886B51FBCFD0, 1A54DCD16A4D00B08B560495, 5A8851576C6B46805F08F10E, A0F01DF22ED84243AA591650, 359FDE5010445B95987CF050, C033893F8CB954E489191EBB, 0DC531C32EF4E6F04AA27CF8, 056C652A15C0E6A77A95B46C, E3F84C9DF8A7B8F2B548996F, B3B51982CB9FBEE10D879A37, FFFC447B94F4D7742940F7AC, 025A9F5B0FBEEB004C065B84, E26E71A73B2BFD6B5E587FDB, 8FDD1BCAAE85CABB2E32D396, D1A4077DFEAB70B9DDFCF723, C52514895F8F0737C52BB14A, 5B5C48578162B5317968D659, 23087194E39051637D52F28C); runOnlyForDeploymentPostprocessing = 0; };
6FAE3CB4AE25F17D59149958 = { isa = XCBuildConfiguration; name = "Debug"; buildSettings = { IPHONEOS_DEPLOYMENT_TARGET = 17.0; SDKROOT = iphoneos; SWIFT_VERSION = 5.0; CLANG_ENABLE_MODULES = YES; CODE_SIGN_STYLE = Automatic; CURRENT_PROJECT_VERSION = 12; MARKETING_VERSION = 1.0; TARGETED_DEVICE_FAMILY = "1,2"; ENABLE_USER_SCRIPT_SANDBOXING = YES; PRODUCT_NAME = "$(TARGET_NAME)"; PRODUCT_BUNDLE_IDENTIFIER = "com.gregadams.myfurbaby.widget"; GENERATE_INFOPLIST_FILE = YES; SWIFT_EMIT_LOC_STRINGS = YES; INFOPLIST_FILE = "Widget/Info.plist"; CODE_SIGN_ENTITLEMENTS = "Widget/Widget.entitlements"; APPLICATION_EXTENSION_API_ONLY = YES; SKIP_INSTALL = YES; SWIFT_OPTIMIZATION_LEVEL = "-Onone"; SWIFT_ACTIVE_COMPILATION_CONDITIONS = "DEBUG"; DEBUG_INFORMATION_FORMAT = "dwarf"; ENABLE_TESTABILITY = YES; }; };
A58ECB37686755ABB12BECBB = { isa = XCBuildConfiguration; name = "Release"; buildSettings = { IPHONEOS_DEPLOYMENT_TARGET = 17.0; SDKROOT = iphoneos; SWIFT_VERSION = 5.0; CLANG_ENABLE_MODULES = YES; CODE_SIGN_STYLE = Automatic; CURRENT_PROJECT_VERSION = 12; MARKETING_VERSION = 1.0; TARGETED_DEVICE_FAMILY = "1,2"; ENABLE_USER_SCRIPT_SANDBOXING = YES; PRODUCT_NAME = "$(TARGET_NAME)"; PRODUCT_BUNDLE_IDENTIFIER = "com.gregadams.myfurbaby.widget"; GENERATE_INFOPLIST_FILE = YES; SWIFT_EMIT_LOC_STRINGS = YES; INFOPLIST_FILE = "Widget/Info.plist"; CODE_SIGN_ENTITLEMENTS = "Widget/Widget.entitlements"; APPLICATION_EXTENSION_API_ONLY = YES; SKIP_INSTALL = YES; SWIFT_OPTIMIZATION_LEVEL = "-O"; SWIFT_ACTIVE_COMPILATION_CONDITIONS = ""; DEBUG_INFORMATION_FORMAT = "dwarf-with-dsym"; }; };
7BDFDB159648E4C4573138C6 = { isa = XCConfigurationList; buildConfigurations = (6FAE3CB4AE25F17D59149958, A58ECB37686755ABB12BECBB); defaultConfigurationIsVisible = 0; defaultConfigurationName = "Release"; };
A24F19168C2626707A164327 = { isa = PBXNativeTarget; buildConfigurationList = 7BDFDB159648E4C4573138C6; buildPhases = (34ABB5FFADA42795F5B0C460, 8B277602C02207C091927CC4, 805218FECE676F265040D212); buildRules = (); dependencies = (); name = "FurBabyWidget"; productName = "FurBabyWidget"; productReference = 2ED657D7F454CBE9A9DF4E5F; productType = "com.apple.product-type.app-extension"; };
AB17C542D63C265EE9A61431 = { isa = PBXFileReference; explicitFileType = "wrapper.cfbundle"; includeInIndex = 0; path = "MyFurBabyTests.xctest"; sourceTree = "BUILT_PRODUCTS_DIR"; };
C244FDE0981A8351E056C8DE = { isa = PBXBuildFile; fileRef = 4C651370400A18CD2AF956C9; };
0A024A17EF4D795D7F4D39CF = { isa = PBXBuildFile; fileRef = 5D2A0CC0F23853254FC0E986; };
F001C137AEA69C7C4863B40C = { isa = PBXBuildFile; fileRef = 495BC6853C038792EACA3D3A; };
5EC50C4887160F56C67F02C3 = { isa = PBXBuildFile; fileRef = F7358024508AF592CDB6247F; };
6199823F4B7A768250E6E277 = { isa = PBXSourcesBuildPhase; buildActionMask = 2147483647; files = (C244FDE0981A8351E056C8DE, 0A024A17EF4D795D7F4D39CF, F001C137AEA69C7C4863B40C, 5EC50C4887160F56C67F02C3); runOnlyForDeploymentPostprocessing = 0; };
9612095C413DE8758681542F = { isa = PBXFrameworksBuildPhase; buildActionMask = 2147483647; files = (); runOnlyForDeploymentPostprocessing = 0; };
58C17495FF52EA27AE4BB692 = { isa = PBXResourcesBuildPhase; buildActionMask = 2147483647; files = (); runOnlyForDeploymentPostprocessing = 0; };
46CD8F212E9FCCDF8847C867 = { isa = PBXContainerItemProxy; containerPortal = 98F54143AB4E86B28C3AFEE0; proxyType = 1; remoteGlobalIDString = DF89CBF7E4F8695F4EC87E10; remoteInfo = "MyFurBaby"; };
6DBA58219FE3715095798B61 = { isa = PBXTargetDependency; target = DF89CBF7E4F8695F4EC87E10; targetProxy = 46CD8F212E9FCCDF8847C867; };
2E99A710F1D6FBEBCE86AD3C = { isa = XCBuildConfiguration; name = "Debug"; buildSettings = { IPHONEOS_DEPLOYMENT_TARGET = 17.0; SDKROOT = iphoneos; SWIFT_VERSION = 5.0; CLANG_ENABLE_MODULES = YES; CODE_SIGN_STYLE = Automatic; CURRENT_PROJECT_VERSION = 12; MARKETING_VERSION = 1.0; TARGETED_DEVICE_FAMILY = "1,2"; ENABLE_USER_SCRIPT_SANDBOXING = YES; PRODUCT_NAME = "$(TARGET_NAME)"; PRODUCT_BUNDLE_IDENTIFIER = "com.gregadams.myfurbaby.tests"; GENERATE_INFOPLIST_FILE = YES; SWIFT_EMIT_LOC_STRINGS = YES; TEST_HOST = "$(BUILT_PRODUCTS_DIR)/MyFurBaby.app/MyFurBaby"; BUNDLE_LOADER = "$(TEST_HOST)"; SKIP_INSTALL = YES; SWIFT_OPTIMIZATION_LEVEL = "-Onone"; SWIFT_ACTIVE_COMPILATION_CONDITIONS = "DEBUG"; DEBUG_INFORMATION_FORMAT = "dwarf"; ENABLE_TESTABILITY = YES; }; };
91C82A2F3F62B518BDD35E36 = { isa = XCBuildConfiguration; name = "Release"; buildSettings = { IPHONEOS_DEPLOYMENT_TARGET = 17.0; SDKROOT = iphoneos; SWIFT_VERSION = 5.0; CLANG_ENABLE_MODULES = YES; CODE_SIGN_STYLE = Automatic; CURRENT_PROJECT_VERSION = 12; MARKETING_VERSION = 1.0; TARGETED_DEVICE_FAMILY = "1,2"; ENABLE_USER_SCRIPT_SANDBOXING = YES; PRODUCT_NAME = "$(TARGET_NAME)"; PRODUCT_BUNDLE_IDENTIFIER = "com.gregadams.myfurbaby.tests"; GENERATE_INFOPLIST_FILE = YES; SWIFT_EMIT_LOC_STRINGS = YES; TEST_HOST = "$(BUILT_PRODUCTS_DIR)/MyFurBaby.app/MyFurBaby"; BUNDLE_LOADER = "$(TEST_HOST)"; SKIP_INSTALL = YES; SWIFT_OPTIMIZATION_LEVEL = "-O"; SWIFT_ACTIVE_COMPILATION_CONDITIONS = ""; DEBUG_INFORMATION_FORMAT = "dwarf-with-dsym"; }; };
AE5F607F3F27FE67EE4DC8F1 = { isa = XCConfigurationList; buildConfigurations = (2E99A710F1D6FBEBCE86AD3C, 91C82A2F3F62B518BDD35E36); defaultConfigurationIsVisible = 0; defaultConfigurationName = "Release"; };
DD7C49CCD782A4A7F1B93EF6 = { isa = PBXNativeTarget; buildConfigurationList = AE5F607F3F27FE67EE4DC8F1; buildPhases = (6199823F4B7A768250E6E277, 9612095C413DE8758681542F, 58C17495FF52EA27AE4BB692); buildRules = (); dependencies = (6DBA58219FE3715095798B61); name = "MyFurBabyTests"; productName = "MyFurBabyTests"; productReference = AB17C542D63C265EE9A61431; productType = "com.apple.product-type.bundle.unit-test"; };
615B463D1028E4E24B674CF7 = { isa = PBXGroup; children = (64B46854DD818306EF8158FC, 2ED657D7F454CBE9A9DF4E5F, AB17C542D63C265EE9A61431); name = "Products"; sourceTree = "<group>"; };
870B3294C0CBD48AF6BBCC1B = { isa = PBXGroup; children = (CBE7D790BBE2BD0D8B77EF39, 6D9A4E876BE19EAEF425C09B, 56B6B92191B8761142B8FE13, AF2FE42487CA284123DFDE1E, E5E98B546EE9848A91FF7C1F, 615B463D1028E4E24B674CF7); sourceTree = "<group>"; };
7FF1594F02A39252B36C2788 = { isa = XCBuildConfiguration; name = "Debug"; buildSettings = { IPHONEOS_DEPLOYMENT_TARGET = 17.0; SDKROOT = iphoneos; SWIFT_VERSION = 5.0; CLANG_ENABLE_MODULES = YES; CODE_SIGN_STYLE = Automatic; CURRENT_PROJECT_VERSION = 12; MARKETING_VERSION = 1.0; TARGETED_DEVICE_FAMILY = "1,2"; ENABLE_USER_SCRIPT_SANDBOXING = YES; SWIFT_OPTIMIZATION_LEVEL = "-Onone"; SWIFT_ACTIVE_COMPILATION_CONDITIONS = "DEBUG"; DEBUG_INFORMATION_FORMAT = "dwarf"; ENABLE_TESTABILITY = YES; }; };
8AF42D9F8E598D010F7434BA = { isa = XCBuildConfiguration; name = "Release"; buildSettings = { IPHONEOS_DEPLOYMENT_TARGET = 17.0; SDKROOT = iphoneos; SWIFT_VERSION = 5.0; CLANG_ENABLE_MODULES = YES; CODE_SIGN_STYLE = Automatic; CURRENT_PROJECT_VERSION = 12; MARKETING_VERSION = 1.0; TARGETED_DEVICE_FAMILY = "1,2"; ENABLE_USER_SCRIPT_SANDBOXING = YES; SWIFT_OPTIMIZATION_LEVEL = "-O"; SWIFT_ACTIVE_COMPILATION_CONDITIONS = ""; DEBUG_INFORMATION_FORMAT = "dwarf-with-dsym"; }; };
640DC9EFD529235A8D9E2727 = { isa = XCConfigurationList; buildConfigurations = (7FF1594F02A39252B36C2788, 8AF42D9F8E598D010F7434BA); defaultConfigurationIsVisible = 0; defaultConfigurationName = "Release"; };
98F54143AB4E86B28C3AFEE0 = { isa = PBXProject; attributes = { BuildIndependentTargetsInParallel = YES; LastUpgradeCheck = 2630; }; buildConfigurationList = 640DC9EFD529235A8D9E2727; compatibilityVersion = "Xcode 14.0"; developmentRegion = en; hasScannedForEncodings = 0; knownRegions = (en, Base); mainGroup = 870B3294C0CBD48AF6BBCC1B; productRefGroup = 615B463D1028E4E24B674CF7; projectDirPath = ""; projectRoot = ""; targets = (DF89CBF7E4F8695F4EC87E10, A24F19168C2626707A164327, DD7C49CCD782A4A7F1B93EF6); };
}; rootObject = 98F54143AB4E86B28C3AFEE0; }
