<?xml version="1.0" encoding="UTF-8"?>
<Scheme LastUpgradeVersion="2630" version="1.7">
<BuildAction parallelizeBuildables="YES" buildImplicitDependencies="YES"><BuildActionEntries><BuildActionEntry buildForTesting="YES" buildForRunning="YES" buildForProfiling="YES" buildForArchiving="YES" buildForAnalyzing="YES"><BuildableReference BuildableIdentifier="primary" BlueprintIdentifier="DF89CBF7E4F8695F4EC87E10" BuildableName="MyFurBaby.app" BlueprintName="MyFurBaby" ReferencedContainer="container:MyFurBaby.xcodeproj" /></BuildActionEntry></BuildActionEntries></BuildAction>
<TestAction buildConfiguration="Debug" selectedDebuggerIdentifier="Xcode.DebuggerFoundation.Debugger.LLDB" selectedLauncherIdentifier="Xcode.IDEFoundation.Launcher.LLDB" shouldUseLaunchSchemeArgsEnv="YES"><Testables><TestableReference skipped="NO"><BuildableReference BuildableIdentifier="primary" BlueprintIdentifier="DD7C49CCD782A4A7F1B93EF6" BuildableName="MyFurBabyTests.xctest" BlueprintName="MyFurBabyTests" ReferencedContainer="container:MyFurBaby.xcodeproj" /></TestableReference></Testables></TestAction>
<LaunchAction buildConfiguration="Debug" selectedDebuggerIdentifier="Xcode.DebuggerFoundation.Debugger.LLDB" selectedLauncherIdentifier="Xcode.IDEFoundation.Launcher.LLDB" launchStyle="0" useCustomWorkingDirectory="NO" ignoresPersistentStateOnLaunch="NO" debugDocumentVersioning="YES" debugServiceExtension="internal" allowLocationSimulation="YES"><BuildableProductRunnable runnableDebuggingMode="0"><BuildableReference BuildableIdentifier="primary" BlueprintIdentifier="DF89CBF7E4F8695F4EC87E10" BuildableName="MyFurBaby.app" BlueprintName="MyFurBaby" ReferencedContainer="container:MyFurBaby.xcodeproj" /></BuildableProductRunnable><StoreKitConfigurationFileReference identifier="../../../Resources/Products.storekit" /></LaunchAction>
<ProfileAction buildConfiguration="Release" shouldUseLaunchSchemeArgsEnv="YES" savedToolIdentifier="" useCustomWorkingDirectory="NO" debugDocumentVersioning="YES"><BuildableProductRunnable runnableDebuggingMode="0"><BuildableReference BuildableIdentifier="primary" BlueprintIdentifier="DF89CBF7E4F8695F4EC87E10" BuildableName="MyFurBaby.app" BlueprintName="MyFurBaby" ReferencedContainer="container:MyFurBaby.xcodeproj" /></BuildableProductRunnable></ProfileAction>
<AnalyzeAction buildConfiguration="Debug" /><ArchiveAction buildConfiguration="Release" revealArchiveInOrganizer="YES" /></Scheme>